// !$*UTF8*$!
{
	archiveVersion = 1;
	classes = {
	};
	objectVersion = 50;
	objects = {

/* Begin PBXBuildFile section */
		5E916AFC237718B30002B933 /* AppDelegate.swift in Sources */ = {isa = PBXBuildFile; fileRef = 5E916AFB237718B30002B933 /* AppDelegate.swift */; };
		5E916B01237718B30002B933 /* Main.storyboard in Resources */ = {isa = PBXBuildFile; fileRef = 5E916AFF237718B30002B933 /* Main.storyboard */; };
		5E916B03237718B40002B933 /* Assets.xcassets in Resources */ = {isa = PBXBuildFile; fileRef = 5E916B02237718B40002B933 /* Assets.xcassets */; };
		5E916B06237718B40002B933 /* LaunchScreen.storyboard in Resources */ = {isa = PBXBuildFile; fileRef = 5E916B04237718B40002B933 /* LaunchScreen.storyboard */; };
		A4A266D12377D8D300CB0877 /* Json4Swift_Base.swift in Sources */ = {isa = PBXBuildFile; fileRef = A4A266CA2377D8D300CB0877 /* Json4Swift_Base.swift */; };
		A4A266D22377D8D300CB0877 /* myDetailCountry.swift in Sources */ = {isa = PBXBuildFile; fileRef = A4A266CB2377D8D300CB0877 /* myDetailCountry.swift */; };
		A4A266D32377D8D300CB0877 /* myExtensions.swift in Sources */ = {isa = PBXBuildFile; fileRef = A4A266CC2377D8D300CB0877 /* myExtensions.swift */; };
		A4A266D42377D8D300CB0877 /* countriesTableViewCell.swift in Sources */ = {isa = PBXBuildFile; fileRef = A4A266CE2377D8D300CB0877 /* countriesTableViewCell.swift */; };
		A4A266D52377D8D300CB0877 /* ViewController.swift in Sources */ = {isa = PBXBuildFile; fileRef = A4A266CF2377D8D300CB0877 /* ViewController.swift */; };
		A4A266D62377D8D300CB0877 /* firstViewController.swift in Sources */ = {isa = PBXBuildFile; fileRef = A4A266D02377D8D300CB0877 /* firstViewController.swift */; };
		A4A266D923783BF900CB0877 /* WebKit.framework in Frameworks */ = {isa = PBXBuildFile; fileRef = A4A266D823783BF900CB0877 /* WebKit.framework */; };
		A4A266E123787BEF00CB0877 /* NetworkApiClass.swift in Sources */ = {isa = PBXBuildFile; fileRef = A4A266E023787BEF00CB0877 /* NetworkApiClass.swift */; };
		A4B76A542378FC1C00F7FA8F /* reachabilityClass.swift in Sources */ = {isa = PBXBuildFile; fileRef = A4B76A532378FC1C00F7FA8F /* reachabilityClass.swift */; };
/* End PBXBuildFile section */

/* Begin PBXFileReference section */
		5E916AF8237718B30002B933 /* InterviewTask.app */ = {isa = PBXFileReference; explicitFileType = wrapper.application; includeInIndex = 0; path = InterviewTask.app; sourceTree = BUILT_PRODUCTS_DIR; };
		5E916AFB237718B30002B933 /* AppDelegate.swift */ = {isa = PBXFileReference; lastKnownFileType = sourcecode.swift; path = AppDelegate.swift; sourceTree = "<group>"; };
		5E916B00237718B30002B933 /* Base */ = {isa = PBXFileReference; lastKnownFileType = file.storyboard; name = Base; path = Base.lproj/Main.storyboard; sourceTree = "<group>"; };
		5E916B02237718B40002B933 /* Assets.xcassets */ = {isa = PBXFileReference; lastKnownFileType = folder.assetcatalog; path = Assets.xcassets; sourceTree = "<group>"; };
		5E916B05237718B40002B933 /* Base */ = {isa = PBXFileReference; lastKnownFileType = file.storyboard; name = Base; path = Base.lproj/LaunchScreen.storyboard; sourceTree = "<group>"; };
		5E916B07237718B40002B933 /* Info.plist */ = {isa = PBXFileReference; lastKnownFileType = text.plist.xml; path = Info.plist; sourceTree = "<group>"; };
		A4A266CA2377D8D300CB0877 /* Json4Swift_Base.swift */ = {isa = PBXFileReference; fileEncoding = 4; lastKnownFileType = sourcecode.swift; path = Json4Swift_Base.swift; sourceTree = "<group>"; };
		A4A266CB2377D8D300CB0877 /* myDetailCountry.swift */ = {isa = PBXFileReference; fileEncoding = 4; lastKnownFileType = sourcecode.swift; path = myDetailCountry.swift; sourceTree = "<group>"; };
		A4A266CC2377D8D300CB0877 /* myExtensions.swift */ = {isa = PBXFileReference; fileEncoding = 4; lastKnownFileType = sourcecode.swift; path = myExtensions.swift; sourceTree = "<group>"; };
		A4A266CE2377D8D300CB0877 /* countriesTableViewCell.swift */ = {isa = PBXFileReference; fileEncoding = 4; lastKnownFileType = sourcecode.swift; path = countriesTableViewCell.swift; sourceTree = "<group>"; };
		A4A266CF2377D8D300CB0877 /* ViewController.swift */ = {isa = PBXFileReference; fileEncoding = 4; lastKnownFileType = sourcecode.swift; path = ViewController.swift; sourceTree = "<group>"; };
		A4A266D02377D8D300CB0877 /* firstViewController.swift */ = {isa = PBXFileReference; fileEncoding = 4; lastKnownFileType = sourcecode.swift; path = firstViewController.swift; sourceTree = "<group>"; };
		A4A266D823783BF900CB0877 /* WebKit.framework */ = {isa = PBXFileReference; lastKnownFileType = wrapper.framework; name = WebKit.framework; path = System/Library/Frameworks/WebKit.framework; sourceTree = SDKROOT; };
		A4A266E023787BEF00CB0877 /* NetworkApiClass.swift */ = {isa = PBXFileReference; lastKnownFileType = sourcecode.swift; path = NetworkApiClass.swift; sourceTree = "<group>"; };
		A4B76A532378FC1C00F7FA8F /* reachabilityClass.swift */ = {isa = PBXFileReference; lastKnownFileType = sourcecode.swift; path = reachabilityClass.swift; sourceTree = "<group>"; };
/* End PBXFileReference section */

/* Begin PBXFrameworksBuildPhase section */
		5E916AF5237718B30002B933 /* Frameworks */ = {
			isa = PBXFrameworksBuildPhase;
			buildActionMask = 2147483647;
			files = (
				A4A266D923783BF900CB0877 /* WebKit.framework in Frameworks */,
			);
			runOnlyForDeploymentPostprocessing = 0;
		};
/* End PBXFrameworksBuildPhase section */

/* Begin PBXGroup section */
		5E916AEF237718B30002B933 = {
			isa = PBXGroup;
			children = (
				5E916AFA237718B30002B933 /* InterviewTask */,
				5E916AF9237718B30002B933 /* Products */,
				A4A266D723783BF900CB0877 /* Frameworks */,
			);
			sourceTree = "<group>";
		};
		5E916AF9237718B30002B933 /* Products */ = {
			isa = PBXGroup;
			children = (
				5E916AF8237718B30002B933 /* InterviewTask.app */,
			);
			name = Products;
			sourceTree = "<group>";
		};
		5E916AFA237718B30002B933 /* InterviewTask */ = {
			isa = PBXGroup;
			children = (
				5E916AFB237718B30002B933 /* AppDelegate.swift */,
				5E916AFF237718B30002B933 /* Main.storyboard */,
				A4A266CD2377D8D300CB0877 /* Cells */,
				A4A266C92377D8D300CB0877 /* Extras */,
				A4A266D02377D8D300CB0877 /* firstViewController.swift */,
				A4A266CF2377D8D300CB0877 /* ViewController.swift */,
				5E916B02237718B40002B933 /* Assets.xcassets */,
				5E916B04237718B40002B933 /* LaunchScreen.storyboard */,
				5E916B07237718B40002B933 /* Info.plist */,
				A4A266E023787BEF00CB0877 /* NetworkApiClass.swift */,
			);
			path = InterviewTask;
			sourceTree = "<group>";
		};
		A4A266C92377D8D300CB0877 /* Extras */ = {
			isa = PBXGroup;
			children = (
				A4A266CA2377D8D300CB0877 /* Json4Swift_Base.swift */,
				A4A266CB2377D8D300CB0877 /* myDetailCountry.swift */,
				A4A266CC2377D8D300CB0877 /* myExtensions.swift */,
				A4B76A532378FC1C00F7FA8F /* reachabilityClass.swift */,
			);
			path = Extras;
			sourceTree = "<group>";
		};
		A4A266CD2377D8D300CB0877 /* Cells */ = {
			isa = PBXGroup;
			children = (
				A4A266CE2377D8D300CB0877 /* countriesTableViewCell.swift */,
			);
			path = Cells;
			sourceTree = "<group>";
		};
		A4A266D723783BF900CB0877 /* Frameworks */ = {
			isa = PBXGroup;
			children = (
				A4A266D823783BF900CB0877 /* WebKit.framework */,
			);
			name = Frameworks;
			sourceTree = "<group>";
		};
/* End PBXGroup section */

/* Begin PBXNativeTarget section */
		5E916AF7237718B30002B933 /* InterviewTask */ = {
			isa = PBXNativeTarget;
			buildConfigurationList = 5E916B0A237718B40002B933 /* Build configuration list for PBXNativeTarget "InterviewTask" */;
			buildPhases = (
				5E916AF4237718B30002B933 /* Sources */,
				5E916AF5237718B30002B933 /* Frameworks */,
				5E916AF6237718B30002B933 /* Resources */,
			);
			buildRules = (
			);
			dependencies = (
			);
			name = InterviewTask;
			productName = InterviewTask;
			productReference = 5E916AF8237718B30002B933 /* InterviewTask.app */;
			productType = "com.apple.product-type.application";
		};
/* End PBXNativeTarget section */

/* Begin PBXProject section */
		5E916AF0237718B30002B933 /* Project object */ = {
			isa = PBXProject;
			attributes = {
				LastSwiftUpdateCheck = 1010;
				LastUpgradeCheck = 1010;
				ORGANIZATIONNAME = task;
				TargetAttributes = {
					5E916AF7237718B30002B933 = {
						CreatedOnToolsVersion = 10.1;
					};
				};
			};
			buildConfigurationList = 5E916AF3237718B30002B933 /* Build configuration list for PBXProject "InterviewTask" */;
			compatibilityVersion = "Xcode 9.3";
			developmentRegion = en;
			hasScannedForEncodings = 0;
			knownRegions = (
				en,
				Base,
			);
			mainGroup = 5E916AEF237718B30002B933;
			productRefGroup = 5E916AF9237718B30002B933 /* Products */;
			projectDirPath = "";
			projectRoot = "";
			targets = (
				5E916AF7237718B30002B933 /* InterviewTask */,
			);
		};
/* End PBXProject section */

/* Begin PBXResourcesBuildPhase section */
		5E916AF6237718B30002B933 /* Resources */ = {
			isa = PBXResourcesBuildPhase;
			buildActionMask = 2147483647;
			files = (
				5E916B06237718B40002B933 /* LaunchScreen.storyboard in Resources */,
				5E916B03237718B40002B933 /* Assets.xcassets in Resources */,
				5E916B01237718B30002B933 /* Main.storyboard in Resources */,
			);
			runOnlyForDeploymentPostprocessing = 0;
		};
/* End PBXResourcesBuildPhase section */

/* Begin PBXSourcesBuildPhase section */
		5E916AF4237718B30002B933 /* Sources */ = {
			isa = PBXSourcesBuildPhase;
			buildActionMask = 2147483647;
			files = (
				A4A266D52377D8D300CB0877 /* ViewController.swift in Sources */,
				5E916AFC237718B30002B933 /* AppDelegate.swift in Sources */,
				A4A266D12377D8D300CB0877 /* Json4Swift_Base.swift in Sources */,
				A4A266E123787BEF00CB0877 /* NetworkApiClass.swift in Sources */,
				A4A266D42377D8D300CB0877 /* countriesTableViewCell.swift in Sources */,
				A4B76A542378FC1C00F7FA8F /* reachabilityClass.swift in Sources */,
				A4A266D22377D8D300CB0877 /* myDetailCountry.swift in Sources */,
				A4A266D32377D8D300CB0877 /* myExtensions.swift in Sources */,
				A4A266D62377D8D300CB0877 /* firstViewController.swift in Sources */,
			);
			runOnlyForDeploymentPostprocessing = 0;
		};
/* End PBXSourcesBuildPhase section */

/* Begin PBXVariantGroup section */
		5E916AFF237718B30002B933 /* Main.storyboard */ = {
			isa = PBXVariantGroup;
			children = (
				5E916B00237718B30002B933 /* Base */,
			);
			name = Main.storyboard;
			sourceTree = "<group>";
		};
		5E916B04237718B40002B933 /* LaunchScreen.storyboard */ = {
			isa = PBXVariantGroup;
			children = (
				5E916B05237718B40002B933 /* Base */,
			);
			name = LaunchScreen.storyboard;
			sourceTree = "<group>";
		};
/* End PBXVariantGroup section */

/* Begin XCBuildConfiguration section */
		5E916B08237718B40002B933 /* Debug */ = {
			isa = XCBuildConfiguration;
			buildSettings = {
				ALWAYS_SEARCH_USER_PATHS = NO;
				CLANG_ANALYZER_NONNULL = YES;
				CLANG_ANALYZER_NUMBER_OBJECT_CONVERSION = YES_AGGRESSIVE;
				CLANG_CXX_LANGUAGE_STANDARD = "gnu++14";
				CLANG_CXX_LIBRARY = "libc++";
				CLANG_ENABLE_MODULES = YES;
				CLANG_ENABLE_OBJC_ARC = YES;
				CLANG_ENABLE_OBJC_WEAK = YES;
				CLANG_WARN_BLOCK_CAPTURE_AUTORELEASING = YES;
				CLANG_WARN_BOOL_CONVERSION = YES;
				CLANG_WARN_COMMA = YES;
				CLANG_WARN_CONSTANT_CONVERSION = YES;
				CLANG_WARN_DEPRECATED_OBJC_IMPLEMENTATIONS = YES;
				CLANG_WARN_DIRECT_OBJC_ISA_USAGE = YES_ERROR;
				CLANG_WARN_DOCUMENTATION_COMMENTS = YES;
				CLANG_WARN_EMPTY_BODY = YES;
				CLANG_WARN_ENUM_CONVERSION = YES;
				CLANG_WARN_INFINITE_RECURSION = YES;
				CLANG_WARN_INT_CONVERSION = YES;
				CLANG_WARN_NON_LITERAL_NULL_CONVERSION = YES;
				CLANG_WARN_OBJC_IMPLICIT_RETAIN_SELF = YES;
				CLANG_WARN_OBJC_LITERAL_CONVERSION = YES;
				CLANG_WARN_OBJC_ROOT_CLASS = YES_ERROR;
				CLANG_WARN_RANGE_LOOP_ANALYSIS = YES;
				CLANG_WARN_STRICT_PROTOTYPES = YES;
				CLANG_WARN_SUSPICIOUS_MOVE = YES;
				CLANG_WARN_UNGUARDED_AVAILABILITY = YES_AGGRESSIVE;
				CLANG_WARN_UNREACHABLE_CODE = YES;
				CLANG_WARN__DUPLICATE_METHOD_MATCH = YES;
				CODE_SIGN_IDENTITY = "iPhone Developer";
				COPY_PHASE_STRIP = NO;
				DEBUG_INFORMATION_FORMAT = dwarf;
				ENABLE_STRICT_OBJC_MSGSEND = YES;
				ENABLE_TESTABILITY = YES;
				GCC_C_LANGUAGE_STANDARD = gnu11;
				GCC_DYNAMIC_NO_PIC = NO;
				GCC_NO_COMMON_BLOCKS = YES;
				GCC_OPTIMIZATION_LEVEL = 0;
				GCC_PREPROCESSOR_DEFINITIONS = (
					"DEBUG=1",
					"$(inherited)",
				);
				GCC_WARN_64_TO_32_BIT_CONVERSION = YES;
				GCC_WARN_ABOUT_RETURN_TYPE = YES_ERROR;
				GCC_WARN_UNDECLARED_SELECTOR = YES;
				GCC_WARN_UNINITIALIZED_AUTOS = YES_AGGRESSIVE;
				GCC_WARN_UNUSED_FUNCTION = YES;
				GCC_WARN_UNUSED_VARIABLE = YES;
				IPHONEOS_DEPLOYMENT_TARGET = 12.1;
				MTL_ENABLE_DEBUG_INFO = INCLUDE_SOURCE;
				MTL_FAST_MATH = YES;
				ONLY_ACTIVE_ARCH = YES;
				SDKROOT = iphoneos;
				SWIFT_ACTIVE_COMPILATION_CONDITIONS = DEBUG;
				SWIFT_OPTIMIZATION_LEVEL = "-Onone";
			};
			name = Debug;
		};
		5E916B09237718B40002B933 /* Release */ = {
			isa = XCBuildConfiguration;
			buildSettings = {
				ALWAYS_SEARCH_USER_PATHS = NO;
				CLANG_ANALYZER_NONNULL = YES;
				CLANG_ANALYZER_NUMBER_OBJECT_CONVERSION = YES_AGGRESSIVE;
				CLANG_CXX_LANGUAGE_STANDARD = "gnu++14";
				CLANG_CXX_LIBRARY = "libc++";
				CLANG_ENABLE_MODULES = YES;
				CLANG_ENABLE_OBJC_ARC = YES;
				CLANG_ENABLE_OBJC_WEAK = YES;
				CLANG_WARN_BLOCK_CAPTURE_AUTORELEASING = YES;
				CLANG_WARN_BOOL_CONVERSION = YES;
				CLANG_WARN_COMMA = YES;
				CLANG_WARN_CONSTANT_CONVERSION = YES;
				CLANG_WARN_DEPRECATED_OBJC_IMPLEMENTATIONS = YES;
				CLANG_WARN_DIRECT_OBJC_ISA_USAGE = YES_ERROR;
				CLANG_WARN_DOCUMENTATION_COMMENTS = YES;
				CLANG_WARN_EMPTY_BODY = YES;
				CLANG_WARN_ENUM_CONVERSION = YES;
				CLANG_WARN_INFINITE_RECURSION = YES;
				CLANG_WARN_INT_CONVERSION = YES;
				CLANG_WARN_NON_LITERAL_NULL_CONVERSION = YES;
				CLANG_WARN_OBJC_IMPLICIT_RETAIN_SELF = YES;
				CLANG_WARN_OBJC_LITERAL_CONVERSION = YES;
				CLANG_WARN_OBJC_ROOT_CLASS = YES_ERROR;
				CLANG_WARN_RANGE_LOOP_ANALYSIS = YES;
				CLANG_WARN_STRICT_PROTOTYPES = YES;
				CLANG_WARN_SUSPICIOUS_MOVE = YES;
				CLANG_WARN_UNGUARDED_AVAILABILITY = YES_AGGRESSIVE;
				CLANG_WARN_UNREACHABLE_CODE = YES;
				CLANG_WARN__DUPLICATE_METHOD_MATCH = YES;
				CODE_SIGN_IDENTITY = "iPhone Developer";
				COPY_PHASE_STRIP = NO;
				DEBUG_INFORMATION_FORMAT = "dwarf-with-dsym";
				ENABLE_NS_ASSERTIONS = NO;
				ENABLE_STRICT_OBJC_MSGSEND = YES;
				GCC_C_LANGUAGE_STANDARD = gnu11;
				GCC_NO_COMMON_BLOCKS = YES;
				GCC_WARN_64_TO_32_BIT_CONVERSION = YES;
				GCC_WARN_ABOUT_RETURN_TYPE = YES_ERROR;
				GCC_WARN_UNDECLARED_SELECTOR = YES;
				GCC_WARN_UNINITIALIZED_AUTOS = YES_AGGRESSIVE;
				GCC_WARN_UNUSED_FUNCTION = YES;
				GCC_WARN_UNUSED_VARIABLE = YES;
				IPHONEOS_DEPLOYMENT_TARGET = 12.1;
				MTL_ENABLE_DEBUG_INFO = NO;
				MTL_FAST_MATH = YES;
				SDKROOT = iphoneos;
				SWIFT_COMPILATION_MODE = wholemodule;
				SWIFT_OPTIMIZATION_LEVEL = "-O";
				VALIDATE_PRODUCT = YES;
			};
			name = Release;
		};
		5E916B0B237718B40002B933 /* Debug */ = {
			isa = XCBuildConfiguration;
			buildSettings = {
				ASSETCATALOG_COMPILER_APPICON_NAME = AppIcon;
				CODE_SIGN_STYLE = Automatic;
				INFOPLIST_FILE = InterviewTask/Info.plist;
				IPHONEOS_DEPLOYMENT_TARGET = 12.0;
				LD_RUNPATH_SEARCH_PATHS = (
					"$(inherited)",
					"@executable_path/Frameworks",
				);
				PRODUCT_BUNDLE_IDENTIFIER = task.InterviewTask;
				PRODUCT_NAME = "$(TARGET_NAME)";
				SWIFT_VERSION = 4.2;
				TARGETED_DEVICE_FAMILY = 1;
			};
			name = Debug;
		};
		5E916B0C237718B40002B933 /* Release */ = {
			isa = XCBuildConfiguration;
			buildSettings = {
				ASSETCATALOG_COMPILER_APPICON_NAME = AppIcon;
				CODE_SIGN_STYLE = Automatic;
				INFOPLIST_FILE = InterviewTask/Info.plist;
				IPHONEOS_DEPLOYMENT_TARGET = 12.0;
				LD_RUNPATH_SEARCH_PATHS = (
					"$(inherited)",
					"@executable_path/Frameworks",
				);
				PRODUCT_BUNDLE_IDENTIFIER = task.InterviewTask;
				PRODUCT_NAME = "$(TARGET_NAME)";
				SWIFT_VERSION = 4.2;
				TARGETED_DEVICE_FAMILY = 1;
			};
			name = Release;
		};
/* End XCBuildConfiguration section */

/* Begin XCConfigurationList section */
		5E916AF3237718B30002B933 /* Build configuration list for PBXProject "InterviewTask" */ = {
			isa = XCConfigurationList;
			buildConfigurations = (
				5E916B08237718B40002B933 /* Debug */,
				5E916B09237718B40002B933 /* Release */,
			);
			defaultConfigurationIsVisible = 0;
			defaultConfigurationName = Release;
		};
		5E916B0A237718B40002B933 /* Build configuration list for PBXNativeTarget "InterviewTask" */ = {
			isa = XCConfigurationList;
			buildConfigurations = (
				5E916B0B237718B40002B933 /* Debug */,
				5E916B0C237718B40002B933 /* Release */,
			);
			defaultConfigurationIsVisible = 0;
			defaultConfigurationName = Release;
		};
/* End XCConfigurationList section */
	};
	rootObject = 5E916AF0237718B30002B933 /* Project object */;
}
